
Microsoft Visual Studio Solution File, Format Version 12.00
# Visual Studio Version 17
VisualStudioVersion = 17.5.002.0
MinimumVisualStudioVersion = 10.0.40219.1
Project("{9A19103F-16F7-4668-BE54-9A1E7A4F7556}") = "ProgramParkir", "ProgramParkir.csproj", "{CCBBEAA8-AE4F-4DDA-A598-171648345517}"
EndProject
Global
	GlobalSection(SolutionConfigurationPlatforms) = preSolution
		Debug|Any CPU = Debug|Any CPU
		Release|Any CPU = Release|Any CPU
	EndGlobalSection
	GlobalSection(ProjectConfigurationPlatforms) = postSolution
		{CCBBEAA8-AE4F-4DDA-A598-171648345517}.Debug|Any CPU.ActiveCfg = Debug|Any CPU
		{CCBBEAA8-AE4F-4DDA-A598-171648345517}.Debug|Any CPU.Build.0 = Debug|Any CPU
		{CCBBEAA8-AE4F-4DDA-A598-171648345517}.Release|Any CPU.ActiveCfg = Release|Any CPU
		{CCBBEAA8-AE4F-4DDA-A598-171648345517}.Release|Any CPU.Build.0 = Release|Any CPU
	EndGlobalSection
	GlobalSection(SolutionProperties) = preSolution
		HideSolutionNode = FALSE
	EndGlobalSection
	GlobalSection(ExtensibilityGlobals) = postSolution
		SolutionGuid = {398C2A87-9C31-48B0-8C3E-60DFCFD90B78}
	EndGlobalSection
EndGlobal
